
Microsoft Visual Studio Solution File, Format Version 12.00
# Visual Studio 15
VisualStudioVersion = 15.0.27428.2037
MinimumVisualStudioVersion = 10.0.40219.1
Project("{FAE04EC0-301F-11D3-BF4B-00C04F79EFBC}") = "MyService", "MyService\MyService.csproj", "{470EB087-7FF3-4CC8-B036-F266DCDE7585}"
EndProject
Project("{FAE04EC0-301F-11D3-BF4B-00C04F79EFBC}") = "MyServiceHost", "MyServiceHost\MyServiceHost.csproj", "{31A4553D-9402-4077-AFAA-F87DDE936341}"
EndProject
Project("{FAE04EC0-301F-11D3-BF4B-00C04F79EFBC}") = "CommonLib", "CommonLib\CommonLib\CommonLib.csproj", "{9335E808-1898-4C24-8866-55E31CAB118F}"
EndProject
Global
	GlobalSection(SolutionConfigurationPlatforms) = preSolution
		Debug|Any CPU = Debug|Any CPU
		Release|Any CPU = Release|Any CPU
	EndGlobalSection
	GlobalSection(ProjectConfigurationPlatforms) = postSolution
		{470EB087-7FF3-4CC8-B036-F266DCDE7585}.Debug|Any CPU.ActiveCfg = Debug|Any CPU
		{470EB087-7FF3-4CC8-B036-F266DCDE7585}.Debug|Any CPU.Build.0 = Debug|Any CPU
		{470EB087-7FF3-4CC8-B036-F266DCDE7585}.Release|Any CPU.ActiveCfg = Release|Any CPU
		{470EB087-7FF3-4CC8-B036-F266DCDE7585}.Release|Any CPU.Build.0 = Release|Any CPU
		{31A4553D-9402-4077-AFAA-F87DDE936341}.Debug|Any CPU.ActiveCfg = Debug|Any CPU
		{31A4553D-9402-4077-AFAA-F87DDE936341}.Debug|Any CPU.Build.0 = Debug|Any CPU
		{31A4553D-9402-4077-AFAA-F87DDE936341}.Release|Any CPU.ActiveCfg = Release|Any CPU
		{31A4553D-9402-4077-AFAA-F87DDE936341}.Release|Any CPU.Build.0 = Release|Any CPU
		{9335E808-1898-4C24-8866-55E31CAB118F}.Debug|Any CPU.ActiveCfg = Debug|Any CPU
		{9335E808-1898-4C24-8866-55E31CAB118F}.Debug|Any CPU.Build.0 = Debug|Any CPU
		{9335E808-1898-4C24-8866-55E31CAB118F}.Release|Any CPU.ActiveCfg = Release|Any CPU
		{9335E808-1898-4C24-8866-55E31CAB118F}.Release|Any CPU.Build.0 = Release|Any CPU
	EndGlobalSection
	GlobalSection(SolutionProperties) = preSolution
		HideSolutionNode = FALSE
	EndGlobalSection
	GlobalSection(ExtensibilityGlobals) = postSolution
		SolutionGuid = {E4C5DDCC-C98B-4E5A-BAF6-16F95838E3D8}
	EndGlobalSection
EndGlobal
